
Microsoft Visual Studio Solution File, Format Version 12.00
# Visual Studio Version 17
VisualStudioVersion = 17.7.34221.43
MinimumVisualStudioVersion = 10.0.40219.1
Project("{FAE04EC0-301F-11D3-BF4B-00C04F79EFBC}") = "assignment24", "assignment24\assignment24.csproj", "{486A0A74-E320-4311-883E-3DCC2F9E2FDB}"
EndProject
Global
	GlobalSection(SolutionConfigurationPlatforms) = preSolution
		Debug|Any CPU = Debug|Any CPU
		Release|Any CPU = Release|Any CPU
	EndGlobalSection
	GlobalSection(ProjectConfigurationPlatforms) = postSolution
		{486A0A74-E320-4311-883E-3DCC2F9E2FDB}.Debug|Any CPU.ActiveCfg = Debug|Any CPU
		{486A0A74-E320-4311-883E-3DCC2F9E2FDB}.Debug|Any CPU.Build.0 = Debug|Any CPU
		{486A0A74-E320-4311-883E-3DCC2F9E2FDB}.Release|Any CPU.ActiveCfg = Release|Any CPU
		{486A0A74-E320-4311-883E-3DCC2F9E2FDB}.Release|Any CPU.Build.0 = Release|Any CPU
	EndGlobalSection
	GlobalSection(SolutionProperties) = preSolution
		HideSolutionNode = FALSE
	EndGlobalSection
	GlobalSection(ExtensibilityGlobals) = postSolution
		SolutionGuid = {4887AD65-AB4D-4F47-AD67-A77A86B19BB8}
	EndGlobalSection
EndGlobal
